
Microsoft Visual Studio Solution File, Format Version 12.00
# Visual Studio Version 17
VisualStudioVersion = 17.5.33502.453
MinimumVisualStudioVersion = 10.0.40219.1
Project("{8BC9CEB8-8B4A-11D0-8D11-00A0C91BC942}") = "staticmember_053", "staticmember_053\staticmember_053.vcxproj", "{29D1AFC5-1A36-462B-8680-409715265919}"
EndProject
Project("{8BC9CEB8-8B4A-11D0-8D11-00A0C91BC942}") = "mbrStatikfunc", "mbrStatikfunc\mbrStatikfunc.vcxproj", "{B0D038C9-E95D-40A3-A4F2-B5B092DE7402}"
EndProject
Project("{8BC9CEB8-8B4A-11D0-8D11-00A0C91BC942}") = "konstruktor", "konstruktor\konstruktor.vcxproj", "{E64D700C-9763-414A-8E47-6763BE0CEFEA}"
EndProject
Project("{8BC9CEB8-8B4A-11D0-8D11-00A0C91BC942}") = "destruktor", "destruktor\destruktor.vcxproj", "{3A95EE5D-5F76-41A5-8B28-0A9B934337C0}"
EndProject
Global
	GlobalSection(SolutionConfigurationPlatforms) = preSolution
		Debug|x64 = Debug|x64
		Debug|x86 = Debug|x86
		Release|x64 = Release|x64
		Release|x86 = Release|x86
	EndGlobalSection
	GlobalSection(ProjectConfigurationPlatforms) = postSolution
		{29D1AFC5-1A36-462B-8680-409715265919}.Debug|x64.ActiveCfg = Debug|x64
		{29D1AFC5-1A36-462B-8680-409715265919}.Debug|x64.Build.0 = Debug|x64
		{29D1AFC5-1A36-462B-8680-409715265919}.Debug|x86.ActiveCfg = Debug|Win32
		{29D1AFC5-1A36-462B-8680-409715265919}.Debug|x86.Build.0 = Debug|Win32
		{29D1AFC5-1A36-462B-8680-409715265919}.Release|x64.ActiveCfg = Release|x64
		{29D1AFC5-1A36-462B-8680-409715265919}.Release|x64.Build.0 = Release|x64
		{29D1AFC5-1A36-462B-8680-409715265919}.Release|x86.ActiveCfg = Release|Win32
		{29D1AFC5-1A36-462B-8680-409715265919}.Release|x86.Build.0 = Release|Win32
		{B0D038C9-E95D-40A3-A4F2-B5B092DE7402}.Debug|x64.ActiveCfg = Debug|x64
		{B0D038C9-E95D-40A3-A4F2-B5B092DE7402}.Debug|x64.Build.0 = Debug|x64
		{B0D038C9-E95D-40A3-A4F2-B5B092DE7402}.Debug|x86.ActiveCfg = Debug|Win32
		{B0D038C9-E95D-40A3-A4F2-B5B092DE7402}.Debug|x86.Build.0 = Debug|Win32
		{B0D038C9-E95D-40A3-A4F2-B5B092DE7402}.Release|x64.ActiveCfg = Release|x64
		{B0D038C9-E95D-40A3-A4F2-B5B092DE7402}.Release|x64.Build.0 = Release|x64
		{B0D038C9-E95D-40A3-A4F2-B5B092DE7402}.Release|x86.ActiveCfg = Release|Win32
		{B0D038C9-E95D-40A3-A4F2-B5B092DE7402}.Release|x86.Build.0 = Release|Win32
		{E64D700C-9763-414A-8E47-6763BE0CEFEA}.Debug|x64.ActiveCfg = Debug|x64
		{E64D700C-9763-414A-8E47-6763BE0CEFEA}.Debug|x64.Build.0 = Debug|x64
		{E64D700C-9763-414A-8E47-6763BE0CEFEA}.Debug|x86.ActiveCfg = Debug|Win32
		{E64D700C-9763-414A-8E47-6763BE0CEFEA}.Debug|x86.Build.0 = Debug|Win32
		{E64D700C-9763-414A-8E47-6763BE0CEFEA}.Release|x64.ActiveCfg = Release|x64
		{E64D700C-9763-414A-8E47-6763BE0CEFEA}.Release|x64.Build.0 = Release|x64
		{E64D700C-9763-414A-8E47-6763BE0CEFEA}.Release|x86.ActiveCfg = Release|Win32
		{E64D700C-9763-414A-8E47-6763BE0CEFEA}.Release|x86.Build.0 = Release|Win32
		{3A95EE5D-5F76-41A5-8B28-0A9B934337C0}.Debug|x64.ActiveCfg = Debug|x64
		{3A95EE5D-5F76-41A5-8B28-0A9B934337C0}.Debug|x64.Build.0 = Debug|x64
		{3A95EE5D-5F76-41A5-8B28-0A9B934337C0}.Debug|x86.ActiveCfg = Debug|Win32
		{3A95EE5D-5F76-41A5-8B28-0A9B934337C0}.Debug|x86.Build.0 = Debug|Win32
		{3A95EE5D-5F76-41A5-8B28-0A9B934337C0}.Release|x64.ActiveCfg = Release|x64
		{3A95EE5D-5F76-41A5-8B28-0A9B934337C0}.Release|x64.Build.0 = Release|x64
		{3A95EE5D-5F76-41A5-8B28-0A9B934337C0}.Release|x86.ActiveCfg = Release|Win32
		{3A95EE5D-5F76-41A5-8B28-0A9B934337C0}.Release|x86.Build.0 = Release|Win32
	EndGlobalSection
	GlobalSection(SolutionProperties) = preSolution
		HideSolutionNode = FALSE
	EndGlobalSection
	GlobalSection(ExtensibilityGlobals) = postSolution
		SolutionGuid = {B2511467-1FB7-499B-8F68-11DE367AD6F8}
	EndGlobalSection
EndGlobal
